# This file is @generated by PDM.
# It is not intended for manual editing.

[metadata]
groups = ["default", "dev"]
strategy = ["cross_platform"]
lock_version = "4.4"
content_hash = "sha256:dbfc703fc78c6a8eed9434eebd50f6037d673304209d6b7b9c15f9cc5baba3be"

[[package]]
name = "aiohttp"
version = "3.8.6"
requires_python = ">=3.6"
summary = "Async http client/server framework (asyncio)"
dependencies = [
    "aiosignal>=1.1.2",
    "async-timeout<5.0,>=4.0.0a3",
    "attrs>=17.3.0",
    "charset-normalizer<4.0,>=2.0",
    "frozenlist>=1.1.1",
    "multidict<7.0,>=4.5",
    "yarl<2.0,>=1.0",
]
files = [
    {file = "aiohttp-3.8.6-cp311-cp311-macosx_10_9_universal2.whl", hash = "sha256:6e2f9cc8e5328f829f6e1fb74a0a3a939b14e67e80832975e01929e320386b34"},
    {file = "aiohttp-3.8.6-cp311-cp311-macosx_10_9_x86_64.whl", hash = "sha256:e6a00ffcc173e765e200ceefb06399ba09c06db97f401f920513a10c803604ca"},
    {file = "aiohttp-3.8.6-cp311-cp311-macosx_11_0_arm64.whl", hash = "sha256:41bdc2ba359032e36c0e9de5a3bd00d6fb7ea558a6ce6b70acedf0da86458321"},
    {file = "aiohttp-3.8.6-cp311-cp311-manylinux_2_17_aarch64.manylinux2014_aarch64.whl", hash = "sha256:14cd52ccf40006c7a6cd34a0f8663734e5363fd981807173faf3a017e202fec9"},
    {file = "aiohttp-3.8.6-cp311-cp311-manylinux_2_17_ppc64le.manylinux2014_ppc64le.whl", hash = "sha256:2d5b785c792802e7b275c420d84f3397668e9d49ab1cb52bd916b3b3ffcf09ad"},
    {file = "aiohttp-3.8.6-cp311-cp311-manylinux_2_17_s390x.manylinux2014_s390x.whl", hash = "sha256:1bed815f3dc3d915c5c1e556c397c8667826fbc1b935d95b0ad680787896a358"},
    {file = "aiohttp-3.8.6-cp311-cp311-manylinux_2_17_x86_64.manylinux2014_x86_64.whl", hash = "sha256:96603a562b546632441926cd1293cfcb5b69f0b4159e6077f7c7dbdfb686af4d"},
    {file = "aiohttp-3.8.6-cp311-cp311-manylinux_2_5_i686.manylinux1_i686.manylinux_2_17_i686.manylinux2014_i686.whl", hash = "sha256:d76e8b13161a202d14c9584590c4df4d068c9567c99506497bdd67eaedf36403"},
    {file = "aiohttp-3.8.6-cp311-cp311-musllinux_1_1_aarch64.whl", hash = "sha256:e3f1e3f1a1751bb62b4a1b7f4e435afcdade6c17a4fd9b9d43607cebd242924a"},
    {file = "aiohttp-3.8.6-cp311-cp311-musllinux_1_1_i686.whl", hash = "sha256:76b36b3124f0223903609944a3c8bf28a599b2cc0ce0be60b45211c8e9be97f8"},
    {file = "aiohttp-3.8.6-cp311-cp311-musllinux_1_1_ppc64le.whl", hash = "sha256:a2ece4af1f3c967a4390c284797ab595a9f1bc1130ef8b01828915a05a6ae684"},
    {file = "aiohttp-3.8.6-cp311-cp311-musllinux_1_1_s390x.whl", hash = "sha256:16d330b3b9db87c3883e565340d292638a878236418b23cc8b9b11a054aaa887"},
    {file = "aiohttp-3.8.6-cp311-cp311-musllinux_1_1_x86_64.whl", hash = "sha256:42c89579f82e49db436b69c938ab3e1559e5a4409eb8639eb4143989bc390f2f"},
    {file = "aiohttp-3.8.6-cp311-cp311-win32.whl", hash = "sha256:efd2fcf7e7b9d7ab16e6b7d54205beded0a9c8566cb30f09c1abe42b4e22bdcb"},
    {file = "aiohttp-3.8.6-cp311-cp311-win_amd64.whl", hash = "sha256:3b2ab182fc28e7a81f6c70bfbd829045d9480063f5ab06f6e601a3eddbbd49a0"},
    {file = "aiohttp-3.8.6.tar.gz", hash = "sha256:b0cf2a4501bff9330a8a5248b4ce951851e415bdcce9dc158e76cfd55e15085c"},
]

[[package]]
name = "aiosignal"
version = "1.3.1"
requires_python = ">=3.7"
summary = "aiosignal: a list of registered asynchronous callbacks"
dependencies = [
    "frozenlist>=1.1.0",
]
files = [
    {file = "aiosignal-1.3.1-py3-none-any.whl", hash = "sha256:f8376fb07dd1e86a584e4fcdec80b36b7f81aac666ebc724e2c090300dd83b17"},
    {file = "aiosignal-1.3.1.tar.gz", hash = "sha256:54cd96e15e1649b75d6c87526a6ff0b6c1b0dd3459f43d9ca11d48c339b68cfc"},
]

[[package]]
name = "annotated-types"
version = "0.6.0"
requires_python = ">=3.8"
summary = "Reusable constraint types to use with typing.Annotated"
files = [
    {file = "annotated_types-0.6.0-py3-none-any.whl", hash = "sha256:0641064de18ba7a25dee8f96403ebc39113d0cb953a01429249d5c7564666a43"},
    {file = "annotated_types-0.6.0.tar.gz", hash = "sha256:563339e807e53ffd9c267e99fc6d9ea23eb8443c08f112651963e24e22f84a5d"},
]

[[package]]
name = "async-timeout"
version = "4.0.3"
requires_python = ">=3.7"
summary = "Timeout context manager for asyncio programs"
files = [
    {file = "async-timeout-4.0.3.tar.gz", hash = "sha256:4640d96be84d82d02ed59ea2b7105a0f7b33abe8703703cd0ab0bf87c427522f"},
    {file = "async_timeout-4.0.3-py3-none-any.whl", hash = "sha256:7405140ff1230c310e51dc27b3145b9092d659ce68ff733fb0cefe3ee42be028"},
]

[[package]]
name = "attrs"
version = "23.1.0"
requires_python = ">=3.7"
summary = "Classes Without Boilerplate"
files = [
    {file = "attrs-23.1.0-py3-none-any.whl", hash = "sha256:1f28b4522cdc2fb4256ac1a020c78acf9cba2c6b461ccd2c126f3aa8e8335d04"},
    {file = "attrs-23.1.0.tar.gz", hash = "sha256:6279836d581513a26f1bf235f9acd333bc9115683f14f7e8fae46c98fc50e015"},
]

[[package]]
name = "charset-normalizer"
version = "3.3.2"
requires_python = ">=3.7.0"
summary = "The Real First Universal Charset Detector. Open, modern and actively maintained alternative to Chardet."
files = [
    {file = "charset-normalizer-3.3.2.tar.gz", hash = "sha256:f30c3cb33b24454a82faecaf01b19c18562b1e89558fb6c56de4d9118a032fd5"},
    {file = "charset_normalizer-3.3.2-cp311-cp311-macosx_10_9_universal2.whl", hash = "sha256:802fe99cca7457642125a8a88a084cef28ff0cf9407060f7b93dca5aa25480db"},
    {file = "charset_normalizer-3.3.2-cp311-cp311-macosx_10_9_x86_64.whl", hash = "sha256:573f6eac48f4769d667c4442081b1794f52919e7edada77495aaed9236d13a96"},
    {file = "charset_normalizer-3.3.2-cp311-cp311-macosx_11_0_arm64.whl", hash = "sha256:549a3a73da901d5bc3ce8d24e0600d1fa85524c10287f6004fbab87672bf3e1e"},
    {file = "charset_normalizer-3.3.2-cp311-cp311-manylinux_2_17_aarch64.manylinux2014_aarch64.whl", hash = "sha256:f27273b60488abe721a075bcca6d7f3964f9f6f067c8c4c605743023d7d3944f"},
    {file = "charset_normalizer-3.3.2-cp311-cp311-manylinux_2_17_ppc64le.manylinux2014_ppc64le.whl", hash = "sha256:1ceae2f17a9c33cb48e3263960dc5fc8005351ee19db217e9b1bb15d28c02574"},
    {file = "charset_normalizer-3.3.2-cp311-cp311-manylinux_2_17_s390x.manylinux2014_s390x.whl", hash = "sha256:65f6f63034100ead094b8744b3b97965785388f308a64cf8d7c34f2f2e5be0c4"},
    {file = "charset_normalizer-3.3.2-cp311-cp311-manylinux_2_17_x86_64.manylinux2014_x86_64.whl", hash = "sha256:753f10e867343b4511128c6ed8c82f7bec3bd026875576dfd88483c5c73b2fd8"},
    {file = "charset_normalizer-3.3.2-cp311-cp311-manylinux_2_5_i686.manylinux1_i686.manylinux_2_17_i686.manylinux2014_i686.whl", hash = "sha256:4a78b2b446bd7c934f5dcedc588903fb2f5eec172f3d29e52a9096a43722adfc"},
    {file = "charset_normalizer-3.3.2-cp311-cp311-musllinux_1_1_aarch64.whl", hash = "sha256:e537484df0d8f426ce2afb2d0f8e1c3d0b114b83f8850e5f2fbea0e797bd82ae"},
    {file = "charset_normalizer-3.3.2-cp311-cp311-musllinux_1_1_i686.whl", hash = "sha256:eb6904c354526e758fda7167b33005998fb68c46fbc10e013ca97f21ca5c8887"},
    {file = "charset_normalizer-3.3.2-cp311-cp311-musllinux_1_1_ppc64le.whl", hash = "sha256:deb6be0ac38ece9ba87dea880e438f25ca3eddfac8b002a2ec3d9183a454e8ae"},
    {file = "charset_normalizer-3.3.2-cp311-cp311-musllinux_1_1_s390x.whl", hash = "sha256:4ab2fe47fae9e0f9dee8c04187ce5d09f48eabe611be8259444906793ab7cbce"},
    {file = "charset_normalizer-3.3.2-cp311-cp311-musllinux_1_1_x86_64.whl", hash = "sha256:80402cd6ee291dcb72644d6eac93785fe2c8b9cb30893c1af5b8fdd753b9d40f"},
    {file = "charset_normalizer-3.3.2-cp311-cp311-win32.whl", hash = "sha256:7cd13a2e3ddeed6913a65e66e94b51d80a041145a026c27e6bb76c31a853c6ab"},
    {file = "charset_normalizer-3.3.2-cp311-cp311-win_amd64.whl", hash = "sha256:663946639d296df6a2bb2aa51b60a2454ca1cb29835324c640dafb5ff2131a77"},
    {file = "charset_normalizer-3.3.2-py3-none-any.whl", hash = "sha256:3e4d1f6587322d2788836a99c69062fbb091331ec940e02d12d179c1d53e25fc"},
]

[[package]]
name = "click"
version = "8.1.7"
requires_python = ">=3.7"
summary = "Composable command line interface toolkit"
dependencies = [
    "colorama; platform_system == \"Windows\"",
]
files = [
    {file = "click-8.1.7-py3-none-any.whl", hash = "sha256:ae74fb96c20a0277a1d615f1e4d73c8414f5a98db8b799a7931d1582f3390c28"},
    {file = "click-8.1.7.tar.gz", hash = "sha256:ca9853ad459e787e2192211578cc907e7594e294c7ccc834310722b41b9ca6de"},
]

[[package]]
name = "colorama"
version = "0.4.6"
requires_python = "!=3.0.*,!=3.1.*,!=3.2.*,!=3.3.*,!=3.4.*,!=3.5.*,!=3.6.*,>=2.7"
summary = "Cross-platform colored terminal text."
files = [
    {file = "colorama-0.4.6-py2.py3-none-any.whl", hash = "sha256:4f1d9991f5acc0ca119f9d443620b77f9d6b33703e51011c16baf57afb285fc6"},
    {file = "colorama-0.4.6.tar.gz", hash = "sha256:08695f5cb7ed6e0531a20572697297273c47b8cae5a63ffc6d6ed5c201be6e44"},
]

[[package]]
name = "coverage"
version = "7.3.2"
requires_python = ">=3.8"
summary = "Code coverage measurement for Python"
files = [
    {file = "coverage-7.3.2-cp311-cp311-macosx_10_9_x86_64.whl", hash = "sha256:ac8c802fa29843a72d32ec56d0ca792ad15a302b28ca6203389afe21f8fa062c"},
    {file = "coverage-7.3.2-cp311-cp311-macosx_11_0_arm64.whl", hash = "sha256:89a937174104339e3a3ffcf9f446c00e3a806c28b1841c63edb2b369310fd074"},
    {file = "coverage-7.3.2-cp311-cp311-manylinux_2_17_aarch64.manylinux2014_aarch64.whl", hash = "sha256:e267e9e2b574a176ddb983399dec325a80dbe161f1a32715c780b5d14b5f583a"},
    {file = "coverage-7.3.2-cp311-cp311-manylinux_2_5_i686.manylinux1_i686.manylinux_2_17_i686.manylinux2014_i686.whl", hash = "sha256:2443cbda35df0d35dcfb9bf8f3c02c57c1d6111169e3c85fc1fcc05e0c9f39a3"},
    {file = "coverage-7.3.2-cp311-cp311-manylinux_2_5_x86_64.manylinux1_x86_64.manylinux_2_17_x86_64.manylinux2014_x86_64.whl", hash = "sha256:4175e10cc8dda0265653e8714b3174430b07c1dca8957f4966cbd6c2b1b8065a"},
    {file = "coverage-7.3.2-cp311-cp311-musllinux_1_1_aarch64.whl", hash = "sha256:0cbf38419fb1a347aaf63481c00f0bdc86889d9fbf3f25109cf96c26b403fda1"},
    {file = "coverage-7.3.2-cp311-cp311-musllinux_1_1_i686.whl", hash = "sha256:5c913b556a116b8d5f6ef834038ba983834d887d82187c8f73dec21049abd65c"},
    {file = "coverage-7.3.2-cp311-cp311-musllinux_1_1_x86_64.whl", hash = "sha256:1981f785239e4e39e6444c63a98da3a1db8e971cb9ceb50a945ba6296b43f312"},
    {file = "coverage-7.3.2-cp311-cp311-win32.whl", hash = "sha256:43668cabd5ca8258f5954f27a3aaf78757e6acf13c17604d89648ecc0cc66640"},
    {file = "coverage-7.3.2-cp311-cp311-win_amd64.whl", hash = "sha256:e10c39c0452bf6e694511c901426d6b5ac005acc0f78ff265dbe36bf81f808a2"},
    {file = "coverage-7.3.2-pp38.pp39.pp310-none-any.whl", hash = "sha256:ae97af89f0fbf373400970c0a21eef5aa941ffeed90aee43650b81f7d7f47637"},
    {file = "coverage-7.3.2.tar.gz", hash = "sha256:be32ad29341b0170e795ca590e1c07e81fc061cb5b10c74ce7203491484404ef"},
]

[[package]]
name = "coverage"
version = "7.3.2"
extras = ["toml"]
requires_python = ">=3.8"
summary = "Code coverage measurement for Python"
dependencies = [
    "coverage==7.3.2",
]
files = [
    {file = "coverage-7.3.2-cp311-cp311-macosx_10_9_x86_64.whl", hash = "sha256:ac8c802fa29843a72d32ec56d0ca792ad15a302b28ca6203389afe21f8fa062c"},
    {file = "coverage-7.3.2-cp311-cp311-macosx_11_0_arm64.whl", hash = "sha256:89a937174104339e3a3ffcf9f446c00e3a806c28b1841c63edb2b369310fd074"},
    {file = "coverage-7.3.2-cp311-cp311-manylinux_2_17_aarch64.manylinux2014_aarch64.whl", hash = "sha256:e267e9e2b574a176ddb983399dec325a80dbe161f1a32715c780b5d14b5f583a"},
    {file = "coverage-7.3.2-cp311-cp311-manylinux_2_5_i686.manylinux1_i686.manylinux_2_17_i686.manylinux2014_i686.whl", hash = "sha256:2443cbda35df0d35dcfb9bf8f3c02c57c1d6111169e3c85fc1fcc05e0c9f39a3"},
    {file = "coverage-7.3.2-cp311-cp311-manylinux_2_5_x86_64.manylinux1_x86_64.manylinux_2_17_x86_64.manylinux2014_x86_64.whl", hash = "sha256:4175e10cc8dda0265653e8714b3174430b07c1dca8957f4966cbd6c2b1b8065a"},
    {file = "coverage-7.3.2-cp311-cp311-musllinux_1_1_aarch64.whl", hash = "sha256:0cbf38419fb1a347aaf63481c00f0bdc86889d9fbf3f25109cf96c26b403fda1"},
    {file = "coverage-7.3.2-cp311-cp311-musllinux_1_1_i686.whl", hash = "sha256:5c913b556a116b8d5f6ef834038ba983834d887d82187c8f73dec21049abd65c"},
    {file = "coverage-7.3.2-cp311-cp311-musllinux_1_1_x86_64.whl", hash = "sha256:1981f785239e4e39e6444c63a98da3a1db8e971cb9ceb50a945ba6296b43f312"},
    {file = "coverage-7.3.2-cp311-cp311-win32.whl", hash = "sha256:43668cabd5ca8258f5954f27a3aaf78757e6acf13c17604d89648ecc0cc66640"},
    {file = "coverage-7.3.2-cp311-cp311-win_amd64.whl", hash = "sha256:e10c39c0452bf6e694511c901426d6b5ac005acc0f78ff265dbe36bf81f808a2"},
    {file = "coverage-7.3.2-pp38.pp39.pp310-none-any.whl", hash = "sha256:ae97af89f0fbf373400970c0a21eef5aa941ffeed90aee43650b81f7d7f47637"},
    {file = "coverage-7.3.2.tar.gz", hash = "sha256:be32ad29341b0170e795ca590e1c07e81fc061cb5b10c74ce7203491484404ef"},
]

[[package]]
name = "dnspython"
version = "2.4.2"
requires_python = ">=3.8,<4.0"
summary = "DNS toolkit"
files = [
    {file = "dnspython-2.4.2-py3-none-any.whl", hash = "sha256:57c6fbaaeaaf39c891292012060beb141791735dbb4004798328fc2c467402d8"},
    {file = "dnspython-2.4.2.tar.gz", hash = "sha256:8dcfae8c7460a2f84b4072e26f1c9f4101ca20c071649cb7c34e8b6a93d58984"},
]

[[package]]
name = "frozenlist"
version = "1.4.0"
requires_python = ">=3.8"
summary = "A list-like structure which implements collections.abc.MutableSequence"
files = [
    {file = "frozenlist-1.4.0-cp311-cp311-macosx_10_9_universal2.whl", hash = "sha256:de343e75f40e972bae1ef6090267f8260c1446a1695e77096db6cfa25e759a95"},
    {file = "frozenlist-1.4.0-cp311-cp311-macosx_10_9_x86_64.whl", hash = "sha256:ad2a9eb6d9839ae241701d0918f54c51365a51407fd80f6b8289e2dfca977cc3"},
    {file = "frozenlist-1.4.0-cp311-cp311-macosx_11_0_arm64.whl", hash = "sha256:bd7bd3b3830247580de99c99ea2a01416dfc3c34471ca1298bccabf86d0ff4dc"},
    {file = "frozenlist-1.4.0-cp311-cp311-manylinux_2_17_aarch64.manylinux2014_aarch64.whl", hash = "sha256:bdf1847068c362f16b353163391210269e4f0569a3c166bc6a9f74ccbfc7e839"},
    {file = "frozenlist-1.4.0-cp311-cp311-manylinux_2_17_ppc64le.manylinux2014_ppc64le.whl", hash = "sha256:38461d02d66de17455072c9ba981d35f1d2a73024bee7790ac2f9e361ef1cd0c"},
    {file = "frozenlist-1.4.0-cp311-cp311-manylinux_2_17_s390x.manylinux2014_s390x.whl", hash = "sha256:d5a32087d720c608f42caed0ef36d2b3ea61a9d09ee59a5142d6070da9041b8f"},
    {file = "frozenlist-1.4.0-cp311-cp311-manylinux_2_5_i686.manylinux1_i686.manylinux_2_17_i686.manylinux2014_i686.whl", hash = "sha256:dd65632acaf0d47608190a71bfe46b209719bf2beb59507db08ccdbe712f969b"},
    {file = "frozenlist-1.4.0-cp311-cp311-manylinux_2_5_x86_64.manylinux1_x86_64.manylinux_2_17_x86_64.manylinux2014_x86_64.whl", hash = "sha256:261b9f5d17cac914531331ff1b1d452125bf5daa05faf73b71d935485b0c510b"},
    {file = "frozenlist-1.4.0-cp311-cp311-musllinux_1_1_aarch64.whl", hash = "sha256:b89ac9768b82205936771f8d2eb3ce88503b1556324c9f903e7156669f521472"},
    {file = "frozenlist-1.4.0-cp311-cp311-musllinux_1_1_i686.whl", hash = "sha256:008eb8b31b3ea6896da16c38c1b136cb9fec9e249e77f6211d479db79a4eaf01"},
    {file = "frozenlist-1.4.0-cp311-cp311-musllinux_1_1_ppc64le.whl", hash = "sha256:e74b0506fa5aa5598ac6a975a12aa8928cbb58e1f5ac8360792ef15de1aa848f"},
    {file = "frozenlist-1.4.0-cp311-cp311-musllinux_1_1_s390x.whl", hash = "sha256:490132667476f6781b4c9458298b0c1cddf237488abd228b0b3650e5ecba7467"},
    {file = "frozenlist-1.4.0-cp311-cp311-musllinux_1_1_x86_64.whl", hash = "sha256:76d4711f6f6d08551a7e9ef28c722f4a50dd0fc204c56b4bcd95c6cc05ce6fbb"},
    {file = "frozenlist-1.4.0-cp311-cp311-win32.whl", hash = "sha256:a02eb8ab2b8f200179b5f62b59757685ae9987996ae549ccf30f983f40602431"},
    {file = "frozenlist-1.4.0-cp311-cp311-win_amd64.whl", hash = "sha256:515e1abc578dd3b275d6a5114030b1330ba044ffba03f94091842852f806f1c1"},
    {file = "frozenlist-1.4.0.tar.gz", hash = "sha256:09163bdf0b2907454042edb19f887c6d33806adc71fbd54afc14908bfdc22251"},
]

[[package]]
name = "grimp"
version = "3.1"
requires_python = ">=3.8"
summary = "Builds a queryable graph of the imports within one or more Python packages."
dependencies = [
    "typing-extensions>=3.10.0.0",
]
files = [
    {file = "grimp-3.1-cp311-cp311-macosx_10_7_x86_64.whl", hash = "sha256:017bd8f43fe27eccd7ff3bf5a5e2edf6607e60a297f157dcc570cdde8a70d22f"},
    {file = "grimp-3.1-cp311-cp311-macosx_11_0_arm64.whl", hash = "sha256:d34e0221e0a349e84aaa23d671abd46fe8213c36daf41ad94f0e5bfa954117a5"},
    {file = "grimp-3.1-cp311-cp311-manylinux_2_17_aarch64.manylinux2014_aarch64.whl", hash = "sha256:dc80a437c0a7748f712cc31ec1dad940ff0d1310a25309fb9082a6d2b5c0e2db"},
    {file = "grimp-3.1-cp311-cp311-manylinux_2_17_armv7l.manylinux2014_armv7l.whl", hash = "sha256:01af11b494d2b2f724580595eca36a796f7ad1a273909235cc0e563519a73f71"},
    {file = "grimp-3.1-cp311-cp311-manylinux_2_17_ppc64le.manylinux2014_ppc64le.whl", hash = "sha256:8a35921a7e240b7a18dbb6e9bca2bfe7c952e654711c17959b94e2cd7853ab73"},
    {file = "grimp-3.1-cp311-cp311-manylinux_2_17_s390x.manylinux2014_s390x.whl", hash = "sha256:7ae92df551850d7498e3408807816ede206924f3c3ea8504e1c1413898c80303"},
    {file = "grimp-3.1-cp311-cp311-manylinux_2_17_x86_64.manylinux2014_x86_64.whl", hash = "sha256:7c33cb6403a48c0fd57467dacd69beb2f87b7af727785657d9beef13bb18f8f7"},
    {file = "grimp-3.1-cp311-cp311-manylinux_2_5_i686.manylinux1_i686.whl", hash = "sha256:f842b796a69f89a438d1dc1d30499f77e7f9c478bc3edb0c236cec838f95a1d0"},
    {file = "grimp-3.1-cp311-none-win32.whl", hash = "sha256:a85ad736a70eb75902b8befbfa44269091f477d5ce5770980c10f7249e9d7546"},
    {file = "grimp-3.1-cp311-none-win_amd64.whl", hash = "sha256:e758e36de652987393342aa317e20e8a014b138ce6395e522dd645a4ce4c4640"},
    {file = "grimp-3.1-pp310-pypy310_pp73-manylinux_2_17_aarch64.manylinux2014_aarch64.whl", hash = "sha256:84869db5ca1f40c6106822def5abea68b304a3c9f2646105dc60a1299b00fa25"},
    {file = "grimp-3.1-pp310-pypy310_pp73-manylinux_2_17_armv7l.manylinux2014_armv7l.whl", hash = "sha256:3df0e373b1f34b1ae3249771646eadedd18a824916baa86dcba0f176c235129e"},
    {file = "grimp-3.1-pp310-pypy310_pp73-manylinux_2_17_ppc64le.manylinux2014_ppc64le.whl", hash = "sha256:385eef6322bffeb65455d3d8661c8d34fd05a545aac1981d0c9a7e13fd62705d"},
    {file = "grimp-3.1-pp310-pypy310_pp73-manylinux_2_17_s390x.manylinux2014_s390x.whl", hash = "sha256:5baa7e7531f6d278696adfc18923b038eb16bc02e4ac52d253b68391c0cfdc19"},
    {file = "grimp-3.1-pp310-pypy310_pp73-manylinux_2_17_x86_64.manylinux2014_x86_64.whl", hash = "sha256:68cd040f0aa3563fc179f557471d7aa1f5f430c55ff37098f24333185c4ad23a"},
    {file = "grimp-3.1-pp310-pypy310_pp73-manylinux_2_5_i686.manylinux1_i686.whl", hash = "sha256:507eebe6b23bdc4d11d0fd30f6d3565bf02d2b2d20ea597ddba8ee8dee8b734e"},
    {file = "grimp-3.1-pp38-pypy38_pp73-manylinux_2_17_aarch64.manylinux2014_aarch64.whl", hash = "sha256:f7ab55e976465e81e3c9896badba749f14539655794c4ecc20bd337f724d00c8"},
    {file = "grimp-3.1-pp38-pypy38_pp73-manylinux_2_17_armv7l.manylinux2014_armv7l.whl", hash = "sha256:e77027f9ce17656c9266c7cbdfea6ba5f6657c2c122cd0f408e5d8f8dc6d51a8"},
    {file = "grimp-3.1-pp38-pypy38_pp73-manylinux_2_17_ppc64le.manylinux2014_ppc64le.whl", hash = "sha256:2161406d33ac06be8965ab898c4ec86b5a3b8a84e32a9c01db99db6d82da2d46"},
    {file = "grimp-3.1-pp38-pypy38_pp73-manylinux_2_17_s390x.manylinux2014_s390x.whl", hash = "sha256:c0b4f2968066410a339142354c23e259d5df33a9b9853f4ff085fd0029fd5b1f"},
    {file = "grimp-3.1-pp38-pypy38_pp73-manylinux_2_17_x86_64.manylinux2014_x86_64.whl", hash = "sha256:ac7a530c59efe06843b3196254bfffe7b5ebac4b3f60579181d41b1b711f0288"},
    {file = "grimp-3.1-pp38-pypy38_pp73-manylinux_2_5_i686.manylinux1_i686.whl", hash = "sha256:bc2c4b5e7bf3c9ed7ef936c8934996fd684a15b7993929379af33769ec2cdaef"},
    {file = "grimp-3.1-pp39-pypy39_pp73-manylinux_2_17_aarch64.manylinux2014_aarch64.whl", hash = "sha256:0cf8b9d002be37c1e1352b89972d59f65029a4cd412a94446ca6c7b022a407de"},
    {file = "grimp-3.1-pp39-pypy39_pp73-manylinux_2_17_armv7l.manylinux2014_armv7l.whl", hash = "sha256:3372c24794e00196c5f24080d76f6bacb3732be267f8207fc2e5052659c75d28"},
    {file = "grimp-3.1-pp39-pypy39_pp73-manylinux_2_17_ppc64le.manylinux2014_ppc64le.whl", hash = "sha256:95e7594b7d8041f4cc4fac4f087a789ae3035d53a8a5aee5530680a856df8eb7"},
    {file = "grimp-3.1-pp39-pypy39_pp73-manylinux_2_17_s390x.manylinux2014_s390x.whl", hash = "sha256:e60e941f4928f117517c0e9a84dbf53315af7cc272345f115245e7768afa7a38"},
    {file = "grimp-3.1-pp39-pypy39_pp73-manylinux_2_17_x86_64.manylinux2014_x86_64.whl", hash = "sha256:b3ba23623671990676a16fd8736f607bb2d6ceefbafbd1beb73904941ef77fbf"},
    {file = "grimp-3.1-pp39-pypy39_pp73-manylinux_2_5_i686.manylinux1_i686.whl", hash = "sha256:c53125bbce0584d48a619251f66778025a30dcf3538e6b08e75356e6d0dfde74"},
    {file = "grimp-3.1.tar.gz", hash = "sha256:2947327f25ffa3930db0b29a67002a24f06a5d9ba222e3404b58537bf526df10"},
]

[[package]]
name = "idna"
version = "3.4"
requires_python = ">=3.5"
summary = "Internationalized Domain Names in Applications (IDNA)"
files = [
    {file = "idna-3.4-py3-none-any.whl", hash = "sha256:90b77e79eaa3eba6de819a0c442c0b4ceefc341a7a2ab77d7562bf49f425c5c2"},
    {file = "idna-3.4.tar.gz", hash = "sha256:814f528e8dead7d329833b91c5faa87d60bf71824cd12a7530b5526063d02cb4"},
]

[[package]]
name = "import-linter"
version = "1.12.1"
requires_python = ">=3.8"
summary = "Enforces rules for the imports within and between Python packages."
dependencies = [
    "click>=6",
    "grimp>=3.1",
    "typing-extensions>=3.10.0.0",
]
files = [
    {file = "import-linter-1.12.1.tar.gz", hash = "sha256:3aa4da5bbed4b2e575fd2479bc7962090ae95666676fb872a4819a293b973463"},
    {file = "import_linter-1.12.1-py3-none-any.whl", hash = "sha256:92f5ddec77c523bd95c0af88d3fdb354b705a776f7a0e59a7b25b035828a0257"},
]

[[package]]
name = "iniconfig"
version = "2.0.0"
requires_python = ">=3.7"
summary = "brain-dead simple config-ini parsing"
files = [
    {file = "iniconfig-2.0.0-py3-none-any.whl", hash = "sha256:b6a85871a79d2e3b22d2d1b94ac2824226a63c6b741c88f7ae975f18b6778374"},
    {file = "iniconfig-2.0.0.tar.gz", hash = "sha256:2d91e135bf72d31a410b17c16da610a82cb55f6b0477d1a902134b24a455b8b3"},
]

[[package]]
name = "markdown-it-py"
version = "3.0.0"
requires_python = ">=3.8"
summary = "Python port of markdown-it. Markdown parsing, done right!"
dependencies = [
    "mdurl~=0.1",
]
files = [
    {file = "markdown-it-py-3.0.0.tar.gz", hash = "sha256:e3f60a94fa066dc52ec76661e37c851cb232d92f9886b15cb560aaada2df8feb"},
    {file = "markdown_it_py-3.0.0-py3-none-any.whl", hash = "sha256:355216845c60bd96232cd8d8c40e8f9765cc86f46880e43a8fd22dc1a1a8cab1"},
]

[[package]]
name = "mdurl"
version = "0.1.2"
requires_python = ">=3.7"
summary = "Markdown URL utilities"
files = [
    {file = "mdurl-0.1.2-py3-none-any.whl", hash = "sha256:84008a41e51615a49fc9966191ff91509e3c40b939176e643fd50a5c2196b8f8"},
    {file = "mdurl-0.1.2.tar.gz", hash = "sha256:bb413d29f5eea38f31dd4754dd7377d4465116fb207585f97bf925588687c1ba"},
]

[[package]]
name = "motor"
version = "3.3.1"
requires_python = ">=3.7"
summary = "Non-blocking MongoDB driver for Tornado or asyncio"
dependencies = [
    "pymongo<5,>=4.5",
]
files = [
    {file = "motor-3.3.1-py3-none-any.whl", hash = "sha256:a0dee83ad0d47b353932ac37467ba397b1e649ce7e3eea7f5a90554883d7cdbe"},
    {file = "motor-3.3.1.tar.gz", hash = "sha256:c5eb400e27d722a3db03a9826656b6d13acf9b6c70c2fb4604f474eac9da5be4"},
]

[[package]]
name = "multidict"
version = "6.0.4"
requires_python = ">=3.7"
summary = "multidict implementation"
files = [
    {file = "multidict-6.0.4-cp311-cp311-macosx_10_9_universal2.whl", hash = "sha256:0dfad7a5a1e39c53ed00d2dd0c2e36aed4650936dc18fd9a1826a5ae1cad6f03"},
    {file = "multidict-6.0.4-cp311-cp311-macosx_10_9_x86_64.whl", hash = "sha256:64da238a09d6039e3bd39bb3aee9c21a5e34f28bfa5aa22518581f910ff94af3"},
    {file = "multidict-6.0.4-cp311-cp311-macosx_11_0_arm64.whl", hash = "sha256:ff959bee35038c4624250473988b24f846cbeb2c6639de3602c073f10410ceba"},
    {file = "multidict-6.0.4-cp311-cp311-manylinux_2_17_aarch64.manylinux2014_aarch64.whl", hash = "sha256:01a3a55bd90018c9c080fbb0b9f4891db37d148a0a18722b42f94694f8b6d4c9"},
    {file = "multidict-6.0.4-cp311-cp311-manylinux_2_17_ppc64le.manylinux2014_ppc64le.whl", hash = "sha256:c5cb09abb18c1ea940fb99360ea0396f34d46566f157122c92dfa069d3e0e982"},
    {file = "multidict-6.0.4-cp311-cp311-manylinux_2_17_s390x.manylinux2014_s390x.whl", hash = "sha256:666daae833559deb2d609afa4490b85830ab0dfca811a98b70a205621a6109fe"},
    {file = "multidict-6.0.4-cp311-cp311-manylinux_2_17_x86_64.manylinux2014_x86_64.whl", hash = "sha256:11bdf3f5e1518b24530b8241529d2050014c884cf18b6fc69c0c2b30ca248710"},
    {file = "multidict-6.0.4-cp311-cp311-manylinux_2_5_i686.manylinux1_i686.manylinux_2_17_i686.manylinux2014_i686.whl", hash = "sha256:7d18748f2d30f94f498e852c67d61261c643b349b9d2a581131725595c45ec6c"},
    {file = "multidict-6.0.4-cp311-cp311-musllinux_1_1_aarch64.whl", hash = "sha256:458f37be2d9e4c95e2d8866a851663cbc76e865b78395090786f6cd9b3bbf4f4"},
    {file = "multidict-6.0.4-cp311-cp311-musllinux_1_1_i686.whl", hash = "sha256:b1a2eeedcead3a41694130495593a559a668f382eee0727352b9a41e1c45759a"},
    {file = "multidict-6.0.4-cp311-cp311-musllinux_1_1_ppc64le.whl", hash = "sha256:7d6ae9d593ef8641544d6263c7fa6408cc90370c8cb2bbb65f8d43e5b0351d9c"},
    {file = "multidict-6.0.4-cp311-cp311-musllinux_1_1_s390x.whl", hash = "sha256:5979b5632c3e3534e42ca6ff856bb24b2e3071b37861c2c727ce220d80eee9ed"},
    {file = "multidict-6.0.4-cp311-cp311-musllinux_1_1_x86_64.whl", hash = "sha256:dcfe792765fab89c365123c81046ad4103fcabbc4f56d1c1997e6715e8015461"},
    {file = "multidict-6.0.4-cp311-cp311-win32.whl", hash = "sha256:3601a3cece3819534b11d4efc1eb76047488fddd0c85a3948099d5da4d504636"},
    {file = "multidict-6.0.4-cp311-cp311-win_amd64.whl", hash = "sha256:81a4f0b34bd92df3da93315c6a59034df95866014ac08535fc819f043bfd51f0"},
    {file = "multidict-6.0.4.tar.gz", hash = "sha256:3666906492efb76453c0e7b97f2cf459b0682e7402c0489a95484965dbc1da49"},
]

[[package]]
name = "mypy"
version = "1.7.0"
requires_python = ">=3.8"
summary = "Optional static typing for Python"
dependencies = [
    "mypy-extensions>=1.0.0",
    "typing-extensions>=4.1.0",
]
files = [
    {file = "mypy-1.7.0-cp311-cp311-macosx_10_9_x86_64.whl", hash = "sha256:df67fbeb666ee8828f675fee724cc2cbd2e4828cc3df56703e02fe6a421b7401"},
    {file = "mypy-1.7.0-cp311-cp311-macosx_11_0_arm64.whl", hash = "sha256:a79cdc12a02eb526d808a32a934c6fe6df07b05f3573d210e41808020aed8b5d"},
    {file = "mypy-1.7.0-cp311-cp311-manylinux_2_17_x86_64.manylinux2014_x86_64.whl", hash = "sha256:f65f385a6f43211effe8c682e8ec3f55d79391f70a201575def73d08db68ead1"},
    {file = "mypy-1.7.0-cp311-cp311-musllinux_1_1_x86_64.whl", hash = "sha256:0e81ffd120ee24959b449b647c4b2fbfcf8acf3465e082b8d58fd6c4c2b27e46"},
    {file = "mypy-1.7.0-cp311-cp311-win_amd64.whl", hash = "sha256:f29386804c3577c83d76520abf18cfcd7d68264c7e431c5907d250ab502658ee"},
    {file = "mypy-1.7.0-py3-none-any.whl", hash = "sha256:96650d9a4c651bc2a4991cf46f100973f656d69edc7faf91844e87fe627f7e96"},
    {file = "mypy-1.7.0.tar.gz", hash = "sha256:1e280b5697202efa698372d2f39e9a6713a0395a756b1c6bd48995f8d72690dc"},
]

[[package]]
name = "mypy-extensions"
version = "1.0.0"
requires_python = ">=3.5"
summary = "Type system extensions for programs checked with the mypy type checker."
files = [
    {file = "mypy_extensions-1.0.0-py3-none-any.whl", hash = "sha256:4392f6c0eb8a5668a69e23d168ffa70f0be9ccfd32b5cc2d26a34ae5b844552d"},
    {file = "mypy_extensions-1.0.0.tar.gz", hash = "sha256:75dbf8955dc00442a438fc4d0666508a9a97b6bd41aa2f0ffe9d2f2725af0782"},
]

[[package]]
name = "packaging"
version = "23.2"
requires_python = ">=3.7"
summary = "Core utilities for Python packages"
files = [
    {file = "packaging-23.2-py3-none-any.whl", hash = "sha256:8c491190033a9af7e1d931d0b5dacc2ef47509b34dd0de67ed209b5203fc88c7"},
    {file = "packaging-23.2.tar.gz", hash = "sha256:048fb0e9405036518eaaf48a55953c750c11e1a1b68e0dd1a9d62ed0c092cfc5"},
]

[[package]]
name = "pluggy"
version = "1.3.0"
requires_python = ">=3.8"
summary = "plugin and hook calling mechanisms for python"
files = [
    {file = "pluggy-1.3.0-py3-none-any.whl", hash = "sha256:d89c696a773f8bd377d18e5ecda92b7a3793cbe66c87060a6fb58c7b6e1061f7"},
    {file = "pluggy-1.3.0.tar.gz", hash = "sha256:cf61ae8f126ac6f7c451172cf30e3e43d3ca77615509771b3a984a0730651e12"},
]

[[package]]
name = "pydantic"
version = "2.4.2"
requires_python = ">=3.7"
summary = "Data validation using Python type hints"
dependencies = [
    "annotated-types>=0.4.0",
    "pydantic-core==2.10.1",
    "typing-extensions>=4.6.1",
]
files = [
    {file = "pydantic-2.4.2-py3-none-any.whl", hash = "sha256:bc3ddf669d234f4220e6e1c4d96b061abe0998185a8d7855c0126782b7abc8c1"},
    {file = "pydantic-2.4.2.tar.gz", hash = "sha256:94f336138093a5d7f426aac732dcfe7ab4eb4da243c88f891d65deb4a2556ee7"},
]

[[package]]
name = "pydantic-core"
version = "2.10.1"
requires_python = ">=3.7"
summary = ""
dependencies = [
    "typing-extensions!=4.7.0,>=4.6.0",
]
files = [
    {file = "pydantic_core-2.10.1-cp311-cp311-macosx_10_7_x86_64.whl", hash = "sha256:073d4a470b195d2b2245d0343569aac7e979d3a0dcce6c7d2af6d8a920ad0bea"},
    {file = "pydantic_core-2.10.1-cp311-cp311-macosx_11_0_arm64.whl", hash = "sha256:600d04a7b342363058b9190d4e929a8e2e715c5682a70cc37d5ded1e0dd370b4"},
    {file = "pydantic_core-2.10.1-cp311-cp311-manylinux_2_17_aarch64.manylinux2014_aarch64.whl", hash = "sha256:39215d809470f4c8d1881758575b2abfb80174a9e8daf8f33b1d4379357e417c"},
    {file = "pydantic_core-2.10.1-cp311-cp311-manylinux_2_17_armv7l.manylinux2014_armv7l.whl", hash = "sha256:eeb3d3d6b399ffe55f9a04e09e635554012f1980696d6b0aca3e6cf42a17a03b"},
    {file = "pydantic_core-2.10.1-cp311-cp311-manylinux_2_17_ppc64le.manylinux2014_ppc64le.whl", hash = "sha256:a7a7902bf75779bc12ccfc508bfb7a4c47063f748ea3de87135d433a4cca7a2f"},
    {file = "pydantic_core-2.10.1-cp311-cp311-manylinux_2_17_s390x.manylinux2014_s390x.whl", hash = "sha256:3625578b6010c65964d177626fde80cf60d7f2e297d56b925cb5cdeda6e9925a"},
    {file = "pydantic_core-2.10.1-cp311-cp311-manylinux_2_17_x86_64.manylinux2014_x86_64.whl", hash = "sha256:caa48fc31fc7243e50188197b5f0c4228956f97b954f76da157aae7f67269ae8"},
    {file = "pydantic_core-2.10.1-cp311-cp311-manylinux_2_5_i686.manylinux1_i686.whl", hash = "sha256:07ec6d7d929ae9c68f716195ce15e745b3e8fa122fc67698ac6498d802ed0fa4"},
    {file = "pydantic_core-2.10.1-cp311-cp311-musllinux_1_1_aarch64.whl", hash = "sha256:e6f31a17acede6a8cd1ae2d123ce04d8cca74056c9d456075f4f6f85de055607"},
    {file = "pydantic_core-2.10.1-cp311-cp311-musllinux_1_1_x86_64.whl", hash = "sha256:d8f1ebca515a03e5654f88411420fea6380fc841d1bea08effb28184e3d4899f"},
    {file = "pydantic_core-2.10.1-cp311-none-win32.whl", hash = "sha256:6db2eb9654a85ada248afa5a6db5ff1cf0f7b16043a6b070adc4a5be68c716d6"},
    {file = "pydantic_core-2.10.1-cp311-none-win_amd64.whl", hash = "sha256:4a5be350f922430997f240d25f8219f93b0c81e15f7b30b868b2fddfc2d05f27"},
    {file = "pydantic_core-2.10.1-cp311-none-win_arm64.whl", hash = "sha256:5fdb39f67c779b183b0c853cd6b45f7db84b84e0571b3ef1c89cdb1dfc367325"},
    {file = "pydantic_core-2.10.1-pp310-pypy310_pp73-macosx_10_7_x86_64.whl", hash = "sha256:d43002441932f9a9ea5d6f9efaa2e21458221a3a4b417a14027a1d530201ef1b"},
    {file = "pydantic_core-2.10.1-pp310-pypy310_pp73-macosx_11_0_arm64.whl", hash = "sha256:fcb83175cc4936a5425dde3356f079ae03c0802bbdf8ff82c035f8a54b333521"},
    {file = "pydantic_core-2.10.1-pp310-pypy310_pp73-manylinux_2_17_aarch64.manylinux2014_aarch64.whl", hash = "sha256:962ed72424bf1f72334e2f1e61b68f16c0e596f024ca7ac5daf229f7c26e4208"},
    {file = "pydantic_core-2.10.1-pp310-pypy310_pp73-manylinux_2_17_x86_64.manylinux2014_x86_64.whl", hash = "sha256:2cf5bb4dd67f20f3bbc1209ef572a259027c49e5ff694fa56bed62959b41e1f9"},
    {file = "pydantic_core-2.10.1-pp310-pypy310_pp73-manylinux_2_5_i686.manylinux1_i686.whl", hash = "sha256:e544246b859f17373bed915182ab841b80849ed9cf23f1f07b73b7c58baee5fb"},
    {file = "pydantic_core-2.10.1-pp310-pypy310_pp73-musllinux_1_1_aarch64.whl", hash = "sha256:c0877239307b7e69d025b73774e88e86ce82f6ba6adf98f41069d5b0b78bd1bf"},
    {file = "pydantic_core-2.10.1-pp310-pypy310_pp73-musllinux_1_1_x86_64.whl", hash = "sha256:53df009d1e1ba40f696f8995683e067e3967101d4bb4ea6f667931b7d4a01357"},
    {file = "pydantic_core-2.10.1-pp310-pypy310_pp73-win_amd64.whl", hash = "sha256:a1254357f7e4c82e77c348dabf2d55f1d14d19d91ff025004775e70a6ef40ada"},
    {file = "pydantic_core-2.10.1-pp37-pypy37_pp73-macosx_10_7_x86_64.whl", hash = "sha256:524ff0ca3baea164d6d93a32c58ac79eca9f6cf713586fdc0adb66a8cdeab96a"},
    {file = "pydantic_core-2.10.1-pp37-pypy37_pp73-manylinux_2_17_aarch64.manylinux2014_aarch64.whl", hash = "sha256:3f0ac9fb8608dbc6eaf17956bf623c9119b4db7dbb511650910a82e261e6600f"},
    {file = "pydantic_core-2.10.1-pp37-pypy37_pp73-manylinux_2_17_x86_64.manylinux2014_x86_64.whl", hash = "sha256:320f14bd4542a04ab23747ff2c8a778bde727158b606e2661349557f0770711e"},
    {file = "pydantic_core-2.10.1-pp37-pypy37_pp73-manylinux_2_5_i686.manylinux1_i686.whl", hash = "sha256:63974d168b6233b4ed6a0046296803cb13c56637a7b8106564ab575926572a55"},
    {file = "pydantic_core-2.10.1-pp37-pypy37_pp73-musllinux_1_1_aarch64.whl", hash = "sha256:417243bf599ba1f1fef2bb8c543ceb918676954734e2dcb82bf162ae9d7bd514"},
    {file = "pydantic_core-2.10.1-pp37-pypy37_pp73-musllinux_1_1_x86_64.whl", hash = "sha256:dda81e5ec82485155a19d9624cfcca9be88a405e2857354e5b089c2a982144b2"},
    {file = "pydantic_core-2.10.1-pp37-pypy37_pp73-win_amd64.whl", hash = "sha256:14cfbb00959259e15d684505263d5a21732b31248a5dd4941f73a3be233865b9"},
    {file = "pydantic_core-2.10.1-pp38-pypy38_pp73-macosx_10_7_x86_64.whl", hash = "sha256:631cb7415225954fdcc2a024119101946793e5923f6c4d73a5914d27eb3d3a05"},
    {file = "pydantic_core-2.10.1-pp38-pypy38_pp73-macosx_11_0_arm64.whl", hash = "sha256:bec7dd208a4182e99c5b6c501ce0b1f49de2802448d4056091f8e630b28e9a52"},
    {file = "pydantic_core-2.10.1-pp38-pypy38_pp73-manylinux_2_17_aarch64.manylinux2014_aarch64.whl", hash = "sha256:149b8a07712f45b332faee1a2258d8ef1fb4a36f88c0c17cb687f205c5dc6e7d"},
    {file = "pydantic_core-2.10.1-pp38-pypy38_pp73-manylinux_2_17_x86_64.manylinux2014_x86_64.whl", hash = "sha256:4d966c47f9dd73c2d32a809d2be529112d509321c5310ebf54076812e6ecd884"},
    {file = "pydantic_core-2.10.1-pp38-pypy38_pp73-manylinux_2_5_i686.manylinux1_i686.whl", hash = "sha256:7eb037106f5c6b3b0b864ad226b0b7ab58157124161d48e4b30c4a43fef8bc4b"},
    {file = "pydantic_core-2.10.1-pp38-pypy38_pp73-musllinux_1_1_aarch64.whl", hash = "sha256:154ea7c52e32dce13065dbb20a4a6f0cc012b4f667ac90d648d36b12007fa9f7"},
    {file = "pydantic_core-2.10.1-pp38-pypy38_pp73-musllinux_1_1_x86_64.whl", hash = "sha256:e562617a45b5a9da5be4abe72b971d4f00bf8555eb29bb91ec2ef2be348cd132"},
    {file = "pydantic_core-2.10.1-pp38-pypy38_pp73-win_amd64.whl", hash = "sha256:f23b55eb5464468f9e0e9a9935ce3ed2a870608d5f534025cd5536bca25b1402"},
    {file = "pydantic_core-2.10.1-pp39-pypy39_pp73-macosx_10_7_x86_64.whl", hash = "sha256:e9121b4009339b0f751955baf4543a0bfd6bc3f8188f8056b1a25a2d45099934"},
    {file = "pydantic_core-2.10.1-pp39-pypy39_pp73-macosx_11_0_arm64.whl", hash = "sha256:0523aeb76e03f753b58be33b26540880bac5aa54422e4462404c432230543f33"},
    {file = "pydantic_core-2.10.1-pp39-pypy39_pp73-manylinux_2_17_aarch64.manylinux2014_aarch64.whl", hash = "sha256:2e0e2959ef5d5b8dc9ef21e1a305a21a36e254e6a34432d00c72a92fdc5ecda5"},
    {file = "pydantic_core-2.10.1-pp39-pypy39_pp73-manylinux_2_17_x86_64.manylinux2014_x86_64.whl", hash = "sha256:da01bec0a26befab4898ed83b362993c844b9a607a86add78604186297eb047e"},
    {file = "pydantic_core-2.10.1-pp39-pypy39_pp73-manylinux_2_5_i686.manylinux1_i686.whl", hash = "sha256:f2e9072d71c1f6cfc79a36d4484c82823c560e6f5599c43c1ca6b5cdbd54f881"},
    {file = "pydantic_core-2.10.1-pp39-pypy39_pp73-musllinux_1_1_aarch64.whl", hash = "sha256:f36a3489d9e28fe4b67be9992a23029c3cec0babc3bd9afb39f49844a8c721c5"},
    {file = "pydantic_core-2.10.1-pp39-pypy39_pp73-musllinux_1_1_x86_64.whl", hash = "sha256:f64f82cc3443149292b32387086d02a6c7fb39b8781563e0ca7b8d7d9cf72bd7"},
    {file = "pydantic_core-2.10.1-pp39-pypy39_pp73-win_amd64.whl", hash = "sha256:b4a6db486ac8e99ae696e09efc8b2b9fea67b63c8f88ba7a1a16c24a057a0776"},
    {file = "pydantic_core-2.10.1.tar.gz", hash = "sha256:0f8682dbdd2f67f8e1edddcbffcc29f60a6182b4901c367fc8c1c40d30bb0a82"},
]

[[package]]
name = "pydantic-settings"
version = "2.0.3"
requires_python = ">=3.7"
summary = "Settings management using Pydantic"
dependencies = [
    "pydantic>=2.0.1",
    "python-dotenv>=0.21.0",
]
files = [
    {file = "pydantic_settings-2.0.3-py3-none-any.whl", hash = "sha256:ddd907b066622bd67603b75e2ff791875540dc485b7307c4fffc015719da8625"},
    {file = "pydantic_settings-2.0.3.tar.gz", hash = "sha256:962dc3672495aad6ae96a4390fac7e593591e144625e5112d359f8f67fb75945"},
]

[[package]]
name = "pygments"
version = "2.16.1"
requires_python = ">=3.7"
summary = "Pygments is a syntax highlighting package written in Python."
files = [
    {file = "Pygments-2.16.1-py3-none-any.whl", hash = "sha256:13fc09fa63bc8d8671a6d247e1eb303c4b343eaee81d861f3404db2935653692"},
    {file = "Pygments-2.16.1.tar.gz", hash = "sha256:1daff0494820c69bc8941e407aa20f577374ee88364ee10a98fdbe0aece96e29"},
]

[[package]]
name = "pymongo"
version = "4.6.0"
requires_python = ">=3.7"
summary = "Python driver for MongoDB <http://www.mongodb.org>"
dependencies = [
    "dnspython<3.0.0,>=1.16.0",
]
files = [
    {file = "pymongo-4.6.0-cp311-cp311-macosx_10_9_universal2.whl", hash = "sha256:ba51129fcc510824b6ca6e2ce1c27e3e4d048b6e35d3ae6f7e517bed1b8b25ce"},
    {file = "pymongo-4.6.0-cp311-cp311-manylinux_2_17_aarch64.manylinux2014_aarch64.whl", hash = "sha256:2973f113e079fb98515722cd728e1820282721ec9fd52830e4b73cabdbf1eb28"},
    {file = "pymongo-4.6.0-cp311-cp311-manylinux_2_17_ppc64le.manylinux2014_ppc64le.whl", hash = "sha256:af425f323fce1b07755edd783581e7283557296946212f5b1a934441718e7528"},
    {file = "pymongo-4.6.0-cp311-cp311-manylinux_2_17_s390x.manylinux2014_s390x.whl", hash = "sha256:1ec71ac633b126c0775ed4604ca8f56c3540f5c21a1220639f299e7a544b55f9"},
    {file = "pymongo-4.6.0-cp311-cp311-manylinux_2_17_x86_64.manylinux2014_x86_64.whl", hash = "sha256:3ec6c20385c5a58e16b1ea60c5e4993ea060540671d7d12664f385f2fb32fe79"},
    {file = "pymongo-4.6.0-cp311-cp311-manylinux_2_5_i686.manylinux1_i686.manylinux_2_17_i686.manylinux2014_i686.whl", hash = "sha256:85f2cdc400ee87f5952ebf2a117488f2525a3fb2e23863a8efe3e4ee9e54e4d1"},
    {file = "pymongo-4.6.0-cp311-cp311-win32.whl", hash = "sha256:7fc2bb8a74dcfcdd32f89528e38dcbf70a3a6594963d60dc9595e3b35b66e414"},
    {file = "pymongo-4.6.0-cp311-cp311-win_amd64.whl", hash = "sha256:6695d7136a435c1305b261a9ddb9b3ecec9863e05aab3935b96038145fd3a977"},
    {file = "pymongo-4.6.0.tar.gz", hash = "sha256:fb1c56d891f9e34303c451998ef62ba52659648bb0d75b03c5e4ac223a3342c2"},
]

[[package]]
name = "pytest"
version = "7.4.3"
requires_python = ">=3.7"
summary = "pytest: simple powerful testing with Python"
dependencies = [
    "colorama; sys_platform == \"win32\"",
    "iniconfig",
    "packaging",
    "pluggy<2.0,>=0.12",
]
files = [
    {file = "pytest-7.4.3-py3-none-any.whl", hash = "sha256:0d009c083ea859a71b76adf7c1d502e4bc170b80a8ef002da5806527b9591fac"},
    {file = "pytest-7.4.3.tar.gz", hash = "sha256:d989d136982de4e3b29dabcc838ad581c64e8ed52c11fbe86ddebd9da0818cd5"},
]

[[package]]
name = "pytest-cov"
version = "4.1.0"
requires_python = ">=3.7"
summary = "Pytest plugin for measuring coverage."
dependencies = [
    "coverage[toml]>=5.2.1",
    "pytest>=4.6",
]
files = [
    {file = "pytest-cov-4.1.0.tar.gz", hash = "sha256:3904b13dfbfec47f003b8e77fd5b589cd11904a21ddf1ab38a64f204d6a10ef6"},
    {file = "pytest_cov-4.1.0-py3-none-any.whl", hash = "sha256:6ba70b9e97e69fcc3fb45bfeab2d0a138fb65c4d0d6a41ef33983ad114be8c3a"},
]

[[package]]
name = "python-dotenv"
version = "1.0.0"
requires_python = ">=3.8"
summary = "Read key-value pairs from a .env file and set them as environment variables"
files = [
    {file = "python-dotenv-1.0.0.tar.gz", hash = "sha256:a8df96034aae6d2d50a4ebe8216326c61c3eb64836776504fcca410e5937a3ba"},
    {file = "python_dotenv-1.0.0-py3-none-any.whl", hash = "sha256:f5971a9226b701070a4bf2c38c89e5a3f0d64de8debda981d1db98583009122a"},
]

[[package]]
name = "rich"
version = "13.6.0"
requires_python = ">=3.7.0"
summary = "Render rich text, tables, progress bars, syntax highlighting, markdown and more to the terminal"
dependencies = [
    "markdown-it-py>=2.2.0",
    "pygments<3.0.0,>=2.13.0",
]
files = [
    {file = "rich-13.6.0-py3-none-any.whl", hash = "sha256:2b38e2fe9ca72c9a00170a1a2d20c63c790d0e10ef1fe35eba76e1e7b1d7d245"},
    {file = "rich-13.6.0.tar.gz", hash = "sha256:5c14d22737e6d5084ef4771b62d5d4363165b403455a30a1c8ca39dc7b644bef"},
]

[[package]]
name = "ruff"
version = "0.1.5"
requires_python = ">=3.7"
summary = "An extremely fast Python linter and code formatter, written in Rust."
files = [
    {file = "ruff-0.1.5-py3-none-macosx_10_7_x86_64.whl", hash = "sha256:32d47fc69261c21a4c48916f16ca272bf2f273eb635d91c65d5cd548bf1f3d96"},
    {file = "ruff-0.1.5-py3-none-macosx_10_9_x86_64.macosx_11_0_arm64.macosx_10_9_universal2.whl", hash = "sha256:171276c1df6c07fa0597fb946139ced1c2978f4f0b8254f201281729981f3c17"},
    {file = "ruff-0.1.5-py3-none-manylinux_2_17_aarch64.manylinux2014_aarch64.whl", hash = "sha256:17ef33cd0bb7316ca65649fc748acc1406dfa4da96a3d0cde6d52f2e866c7b39"},
    {file = "ruff-0.1.5-py3-none-manylinux_2_17_armv7l.manylinux2014_armv7l.whl", hash = "sha256:b2c205827b3f8c13b4a432e9585750b93fd907986fe1aec62b2a02cf4401eee6"},
    {file = "ruff-0.1.5-py3-none-manylinux_2_17_i686.manylinux2014_i686.whl", hash = "sha256:bb408e3a2ad8f6881d0f2e7ad70cddb3ed9f200eb3517a91a245bbe27101d379"},
    {file = "ruff-0.1.5-py3-none-manylinux_2_17_ppc64.manylinux2014_ppc64.whl", hash = "sha256:f20dc5e5905ddb407060ca27267c7174f532375c08076d1a953cf7bb016f5a24"},
    {file = "ruff-0.1.5-py3-none-manylinux_2_17_ppc64le.manylinux2014_ppc64le.whl", hash = "sha256:aafb9d2b671ed934998e881e2c0f5845a4295e84e719359c71c39a5363cccc91"},
    {file = "ruff-0.1.5-py3-none-manylinux_2_17_s390x.manylinux2014_s390x.whl", hash = "sha256:a4894dddb476597a0ba4473d72a23151b8b3b0b5f958f2cf4d3f1c572cdb7af7"},
    {file = "ruff-0.1.5-py3-none-manylinux_2_17_x86_64.manylinux2014_x86_64.whl", hash = "sha256:a00a7ec893f665ed60008c70fe9eeb58d210e6b4d83ec6654a9904871f982a2a"},
    {file = "ruff-0.1.5-py3-none-musllinux_1_2_aarch64.whl", hash = "sha256:a8c11206b47f283cbda399a654fd0178d7a389e631f19f51da15cbe631480c5b"},
    {file = "ruff-0.1.5-py3-none-musllinux_1_2_armv7l.whl", hash = "sha256:fa29e67b3284b9a79b1a85ee66e293a94ac6b7bb068b307a8a373c3d343aa8ec"},
    {file = "ruff-0.1.5-py3-none-musllinux_1_2_i686.whl", hash = "sha256:9b97fd6da44d6cceb188147b68db69a5741fbc736465b5cea3928fdac0bc1aeb"},
    {file = "ruff-0.1.5-py3-none-musllinux_1_2_x86_64.whl", hash = "sha256:721f4b9d3b4161df8dc9f09aa8562e39d14e55a4dbaa451a8e55bdc9590e20f4"},
    {file = "ruff-0.1.5-py3-none-win32.whl", hash = "sha256:f80c73bba6bc69e4fdc73b3991db0b546ce641bdcd5b07210b8ad6f64c79f1ab"},
    {file = "ruff-0.1.5-py3-none-win_amd64.whl", hash = "sha256:c21fe20ee7d76206d290a76271c1af7a5096bc4c73ab9383ed2ad35f852a0087"},
    {file = "ruff-0.1.5-py3-none-win_arm64.whl", hash = "sha256:82bfcb9927e88c1ed50f49ac6c9728dab3ea451212693fe40d08d314663e412f"},
    {file = "ruff-0.1.5.tar.gz", hash = "sha256:5cbec0ef2ae1748fb194f420fb03fb2c25c3258c86129af7172ff8f198f125ab"},
]

[[package]]
name = "shellingham"
version = "1.5.4"
requires_python = ">=3.7"
summary = "Tool to Detect Surrounding Shell"
files = [
    {file = "shellingham-1.5.4-py2.py3-none-any.whl", hash = "sha256:7ecfff8f2fd72616f7481040475a65b2bf8af90a56c89140852d1120324e8686"},
    {file = "shellingham-1.5.4.tar.gz", hash = "sha256:8dbca0739d487e5bd35ab3ca4b36e11c4078f3a234bfce294b0a0291363404de"},
]

[[package]]
name = "typer"
version = "0.9.0"
requires_python = ">=3.6"
summary = "Typer, build great CLIs. Easy to code. Based on Python type hints."
dependencies = [
    "click<9.0.0,>=7.1.1",
    "typing-extensions>=3.7.4.3",
]
files = [
    {file = "typer-0.9.0-py3-none-any.whl", hash = "sha256:5d96d986a21493606a358cae4461bd8cdf83cbf33a5aa950ae629ca3b51467ee"},
    {file = "typer-0.9.0.tar.gz", hash = "sha256:50922fd79aea2f4751a8e0408ff10d2662bd0c8bbfa84755a699f3bada2978b2"},
]

[[package]]
name = "typer"
version = "0.9.0"
extras = ["all"]
requires_python = ">=3.6"
summary = "Typer, build great CLIs. Easy to code. Based on Python type hints."
dependencies = [
    "colorama<0.5.0,>=0.4.3",
    "rich<14.0.0,>=10.11.0",
    "shellingham<2.0.0,>=1.3.0",
    "typer==0.9.0",
]
files = [
    {file = "typer-0.9.0-py3-none-any.whl", hash = "sha256:5d96d986a21493606a358cae4461bd8cdf83cbf33a5aa950ae629ca3b51467ee"},
    {file = "typer-0.9.0.tar.gz", hash = "sha256:50922fd79aea2f4751a8e0408ff10d2662bd0c8bbfa84755a699f3bada2978b2"},
]

[[package]]
name = "typing-extensions"
version = "4.8.0"
requires_python = ">=3.8"
summary = "Backported and Experimental Type Hints for Python 3.8+"
files = [
    {file = "typing_extensions-4.8.0-py3-none-any.whl", hash = "sha256:8f92fc8806f9a6b641eaa5318da32b44d401efaac0f6678c9bc448ba3605faa0"},
    {file = "typing_extensions-4.8.0.tar.gz", hash = "sha256:df8e4339e9cb77357558cbdbceca33c303714cf861d1eef15e1070055ae8b7ef"},
]

[[package]]
name = "uvloop"
version = "0.19.0"
requires_python = ">=3.8.0"
summary = "Fast implementation of asyncio event loop on top of libuv"
files = [
    {file = "uvloop-0.19.0-cp311-cp311-macosx_10_9_universal2.whl", hash = "sha256:4ce6b0af8f2729a02a5d1575feacb2a94fc7b2e983868b009d51c9a9d2149bef"},
    {file = "uvloop-0.19.0-cp311-cp311-macosx_10_9_x86_64.whl", hash = "sha256:31e672bb38b45abc4f26e273be83b72a0d28d074d5b370fc4dcf4c4eb15417d2"},
    {file = "uvloop-0.19.0-cp311-cp311-manylinux_2_17_aarch64.manylinux2014_aarch64.whl", hash = "sha256:570fc0ed613883d8d30ee40397b79207eedd2624891692471808a95069a007c1"},
    {file = "uvloop-0.19.0-cp311-cp311-manylinux_2_17_x86_64.manylinux2014_x86_64.whl", hash = "sha256:5138821e40b0c3e6c9478643b4660bd44372ae1e16a322b8fc07478f92684e24"},
    {file = "uvloop-0.19.0-cp311-cp311-musllinux_1_1_aarch64.whl", hash = "sha256:91ab01c6cd00e39cde50173ba4ec68a1e578fee9279ba64f5221810a9e786533"},
    {file = "uvloop-0.19.0-cp311-cp311-musllinux_1_1_x86_64.whl", hash = "sha256:47bf3e9312f63684efe283f7342afb414eea4d3011542155c7e625cd799c3b12"},
    {file = "uvloop-0.19.0.tar.gz", hash = "sha256:0246f4fd1bf2bf702e06b0d45ee91677ee5c31242f39aab4ea6fe0c51aedd0fd"},
]

[[package]]
name = "yarl"
version = "1.9.2"
requires_python = ">=3.7"
summary = "Yet another URL library"
dependencies = [
    "idna>=2.0",
    "multidict>=4.0",
]
files = [
    {file = "yarl-1.9.2-cp311-cp311-macosx_10_9_universal2.whl", hash = "sha256:646d663eb2232d7909e6601f1a9107e66f9791f290a1b3dc7057818fe44fc2b6"},
    {file = "yarl-1.9.2-cp311-cp311-macosx_10_9_x86_64.whl", hash = "sha256:aff634b15beff8902d1f918012fc2a42e0dbae6f469fce134c8a0dc51ca423bb"},
    {file = "yarl-1.9.2-cp311-cp311-macosx_11_0_arm64.whl", hash = "sha256:a83503934c6273806aed765035716216cc9ab4e0364f7f066227e1aaea90b8d0"},
    {file = "yarl-1.9.2-cp311-cp311-manylinux_2_17_aarch64.manylinux2014_aarch64.whl", hash = "sha256:b25322201585c69abc7b0e89e72790469f7dad90d26754717f3310bfe30331c2"},
    {file = "yarl-1.9.2-cp311-cp311-manylinux_2_17_ppc64le.manylinux2014_ppc64le.whl", hash = "sha256:22a94666751778629f1ec4280b08eb11815783c63f52092a5953faf73be24191"},
    {file = "yarl-1.9.2-cp311-cp311-manylinux_2_17_s390x.manylinux2014_s390x.whl", hash = "sha256:8ec53a0ea2a80c5cd1ab397925f94bff59222aa3cf9c6da938ce05c9ec20428d"},
    {file = "yarl-1.9.2-cp311-cp311-manylinux_2_17_x86_64.manylinux2014_x86_64.whl", hash = "sha256:159d81f22d7a43e6eabc36d7194cb53f2f15f498dbbfa8edc8a3239350f59fe7"},
    {file = "yarl-1.9.2-cp311-cp311-manylinux_2_5_i686.manylinux1_i686.manylinux_2_17_i686.manylinux2014_i686.whl", hash = "sha256:832b7e711027c114d79dffb92576acd1bd2decc467dec60e1cac96912602d0e6"},
    {file = "yarl-1.9.2-cp311-cp311-musllinux_1_1_aarch64.whl", hash = "sha256:95d2ecefbcf4e744ea952d073c6922e72ee650ffc79028eb1e320e732898d7e8"},
    {file = "yarl-1.9.2-cp311-cp311-musllinux_1_1_i686.whl", hash = "sha256:d4e2c6d555e77b37288eaf45b8f60f0737c9efa3452c6c44626a5455aeb250b9"},
    {file = "yarl-1.9.2-cp311-cp311-musllinux_1_1_ppc64le.whl", hash = "sha256:783185c75c12a017cc345015ea359cc801c3b29a2966c2655cd12b233bf5a2be"},
    {file = "yarl-1.9.2-cp311-cp311-musllinux_1_1_s390x.whl", hash = "sha256:b8cc1863402472f16c600e3e93d542b7e7542a540f95c30afd472e8e549fc3f7"},
    {file = "yarl-1.9.2-cp311-cp311-musllinux_1_1_x86_64.whl", hash = "sha256:822b30a0f22e588b32d3120f6d41e4ed021806418b4c9f0bc3048b8c8cb3f92a"},
    {file = "yarl-1.9.2-cp311-cp311-win32.whl", hash = "sha256:a60347f234c2212a9f0361955007fcf4033a75bf600a33c88a0a8e91af77c0e8"},
    {file = "yarl-1.9.2-cp311-cp311-win_amd64.whl", hash = "sha256:be6b3fdec5c62f2a67cb3f8c6dbf56bbf3f61c0f046f84645cd1ca73532ea051"},
    {file = "yarl-1.9.2.tar.gz", hash = "sha256:04ab9d4b9f587c06d801c2abfe9317b77cdf996c65a90d5e84ecc45010823571"},
]
